
Microsoft Visual Studio Solution File, Format Version 12.00
# Visual Studio Version 17
VisualStudioVersion = 17.3.32929.385
MinimumVisualStudioVersion = 10.0.40219.1
Project("{FAE04EC0-301F-11D3-BF4B-00C04F79EFBC}") = "SurfUp.Server", "SurfUp\Server\SurfUp.Server.csproj", "{8DBC332D-A74E-49A7-886F-AE647E267335}"
EndProject
Project("{FAE04EC0-301F-11D3-BF4B-00C04F79EFBC}") = "SurfUp.Client", "SurfUp\Client\SurfUp.Client.csproj", "{7F17DD8C-38D0-47D7-913E-5C2BEF358521}"
EndProject
Project("{FAE04EC0-301F-11D3-BF4B-00C04F79EFBC}") = "SurfUp.Shared", "SurfUp\Shared\SurfUp.Shared.csproj", "{F9F2E79C-2A38-4232-BAA9-D6EBED95C123}"
EndProject
Global
	GlobalSection(SolutionConfigurationPlatforms) = preSolution
		Debug|Any CPU = Debug|Any CPU
		Release|Any CPU = Release|Any CPU
	EndGlobalSection
	GlobalSection(ProjectConfigurationPlatforms) = postSolution
		{8DBC332D-A74E-49A7-886F-AE647E267335}.Debug|Any CPU.ActiveCfg = Debug|Any CPU
		{8DBC332D-A74E-49A7-886F-AE647E267335}.Debug|Any CPU.Build.0 = Debug|Any CPU
		{8DBC332D-A74E-49A7-886F-AE647E267335}.Release|Any CPU.ActiveCfg = Release|Any CPU
		{8DBC332D-A74E-49A7-886F-AE647E267335}.Release|Any CPU.Build.0 = Release|Any CPU
		{7F17DD8C-38D0-47D7-913E-5C2BEF358521}.Debug|Any CPU.ActiveCfg = Debug|Any CPU
		{7F17DD8C-38D0-47D7-913E-5C2BEF358521}.Debug|Any CPU.Build.0 = Debug|Any CPU
		{7F17DD8C-38D0-47D7-913E-5C2BEF358521}.Release|Any CPU.ActiveCfg = Release|Any CPU
		{7F17DD8C-38D0-47D7-913E-5C2BEF358521}.Release|Any CPU.Build.0 = Release|Any CPU
		{F9F2E79C-2A38-4232-BAA9-D6EBED95C123}.Debug|Any CPU.ActiveCfg = Debug|Any CPU
		{F9F2E79C-2A38-4232-BAA9-D6EBED95C123}.Debug|Any CPU.Build.0 = Debug|Any CPU
		{F9F2E79C-2A38-4232-BAA9-D6EBED95C123}.Release|Any CPU.ActiveCfg = Release|Any CPU
		{F9F2E79C-2A38-4232-BAA9-D6EBED95C123}.Release|Any CPU.Build.0 = Release|Any CPU
	EndGlobalSection
	GlobalSection(SolutionProperties) = preSolution
		HideSolutionNode = FALSE
	EndGlobalSection
	GlobalSection(ExtensibilityGlobals) = postSolution
		SolutionGuid = {63A78294-5699-4B83-8FB4-8B27874B26BF}
	EndGlobalSection
EndGlobal
